// !$*UTF8*$!
{
	archiveVersion = 1;
	classes = {
	};
	objectVersion = 46;
	objects = {

/* Begin PBXBuildFile section */
		95CAF08C18174298009DF006 /* Foundation.framework in Frameworks */ = {isa = PBXBuildFile; fileRef = 95CAF08B18174298009DF006 /* Foundation.framework */; };
		95CAF09A18174298009DF006 /* XCTest.framework in Frameworks */ = {isa = PBXBuildFile; fileRef = 95CAF09918174298009DF006 /* XCTest.framework */; };
		95CAF09B18174298009DF006 /* Foundation.framework in Frameworks */ = {isa = PBXBuildFile; fileRef = 95CAF08B18174298009DF006 /* Foundation.framework */; };
		95CAF09D18174298009DF006 /* UIKit.framework in Frameworks */ = {isa = PBXBuildFile; fileRef = 95CAF09C18174298009DF006 /* UIKit.framework */; };
		95CAF0A018174298009DF006 /* libConifer.a in Frameworks */ = {isa = PBXBuildFile; fileRef = 95CAF08818174297009DF006 /* libConifer.a */; };
		95CAF0A618174298009DF006 /* InfoPlist.strings in Resources */ = {isa = PBXBuildFile; fileRef = 95CAF0A418174298009DF006 /* InfoPlist.strings */; };
		95CAF0A818174298009DF006 /* ConiferTests.m in Sources */ = {isa = PBXBuildFile; fileRef = 95CAF0A718174298009DF006 /* ConiferTests.m */; };
		95CAF0B3181746CA009DF006 /* NSObject+Conifer.m in Sources */ = {isa = PBXBuildFile; fileRef = 95CAF0B2181746CA009DF006 /* NSObject+Conifer.m */; };
		95CAF0B4181746CA009DF006 /* NSObject+Conifer.m in Sources */ = {isa = PBXBuildFile; fileRef = 95CAF0B2181746CA009DF006 /* NSObject+Conifer.m */; };
		95E0244C18236F5200DDD4F6 /* CONStub.m in Sources */ = {isa = PBXBuildFile; fileRef = 95E0244B18236F5200DDD4F6 /* CONStub.m */; };
		95E0244D18236F5200DDD4F6 /* CONStub.m in Sources */ = {isa = PBXBuildFile; fileRef = 95E0244B18236F5200DDD4F6 /* CONStub.m */; };
/* End PBXBuildFile section */

/* Begin PBXContainerItemProxy section */
		95CAF09E18174298009DF006 /* PBXContainerItemProxy */ = {
			isa = PBXContainerItemProxy;
			containerPortal = 95CAF08018174297009DF006 /* Project object */;
			proxyType = 1;
			remoteGlobalIDString = 95CAF08718174297009DF006;
			remoteInfo = Conifer;
		};
/* End PBXContainerItemProxy section */

/* Begin PBXCopyFilesBuildPhase section */
		95CAF08618174297009DF006 /* CopyFiles */ = {
			isa = PBXCopyFilesBuildPhase;
			buildActionMask = 2147483647;
			dstPath = "include/$(PRODUCT_NAME)";
			dstSubfolderSpec = 16;
			files = (
			);
			runOnlyForDeploymentPostprocessing = 0;
		};
/* End PBXCopyFilesBuildPhase section */

/* Begin PBXFileReference section */
		95CAF08818174297009DF006 /* libConifer.a */ = {isa = PBXFileReference; explicitFileType = archive.ar; includeInIndex = 0; path = libConifer.a; sourceTree = BUILT_PRODUCTS_DIR; };
		95CAF08B18174298009DF006 /* Foundation.framework */ = {isa = PBXFileReference; lastKnownFileType = wrapper.framework; name = Foundation.framework; path = System/Library/Frameworks/Foundation.framework; sourceTree = SDKROOT; };
		95CAF08F18174298009DF006 /* Conifer-Prefix.pch */ = {isa = PBXFileReference; lastKnownFileType = sourcecode.c.h; path = "Conifer-Prefix.pch"; sourceTree = "<group>"; };
		95CAF09818174298009DF006 /* ConiferTests.xctest */ = {isa = PBXFileReference; explicitFileType = wrapper.cfbundle; includeInIndex = 0; path = ConiferTests.xctest; sourceTree = BUILT_PRODUCTS_DIR; };
		95CAF09918174298009DF006 /* XCTest.framework */ = {isa = PBXFileReference; lastKnownFileType = wrapper.framework; name = XCTest.framework; path = Library/Frameworks/XCTest.framework; sourceTree = DEVELOPER_DIR; };
		95CAF09C18174298009DF006 /* UIKit.framework */ = {isa = PBXFileReference; lastKnownFileType = wrapper.framework; name = UIKit.framework; path = Library/Frameworks/UIKit.framework; sourceTree = DEVELOPER_DIR; };
		95CAF0A318174298009DF006 /* ConiferTests-Info.plist */ = {isa = PBXFileReference; lastKnownFileType = text.plist.xml; path = "ConiferTests-Info.plist"; sourceTree = "<group>"; };
		95CAF0A518174298009DF006 /* en */ = {isa = PBXFileReference; lastKnownFileType = text.plist.strings; name = en; path = en.lproj/InfoPlist.strings; sourceTree = "<group>"; };
		95CAF0A718174298009DF006 /* ConiferTests.m */ = {isa = PBXFileReference; lastKnownFileType = sourcecode.c.objc; path = ConiferTests.m; sourceTree = "<group>"; };
		95CAF0B1181746CA009DF006 /* NSObject+Conifer.h */ = {isa = PBXFileReference; fileEncoding = 4; lastKnownFileType = sourcecode.c.h; path = "NSObject+Conifer.h"; sourceTree = "<group>"; };
		95CAF0B2181746CA009DF006 /* NSObject+Conifer.m */ = {isa = PBXFileReference; fileEncoding = 4; lastKnownFileType = sourcecode.c.objc; path = "NSObject+Conifer.m"; sourceTree = "<group>"; };
		95E0244A18236F5200DDD4F6 /* CONStub.h */ = {isa = PBXFileReference; fileEncoding = 4; lastKnownFileType = sourcecode.c.h; path = CONStub.h; sourceTree = "<group>"; };
		95E0244B18236F5200DDD4F6 /* CONStub.m */ = {isa = PBXFileReference; fileEncoding = 4; lastKnownFileType = sourcecode.c.objc; path = CONStub.m; sourceTree = "<group>"; };
/* End PBXFileReference section */

/* Begin PBXFrameworksBuildPhase section */
		95CAF08518174297009DF006 /* Frameworks */ = {
			isa = PBXFrameworksBuildPhase;
			buildActionMask = 2147483647;
			files = (
				95CAF08C18174298009DF006 /* Foundation.framework in Frameworks */,
			);
			runOnlyForDeploymentPostprocessing = 0;
		};
		95CAF09518174298009DF006 /* Frameworks */ = {
			isa = PBXFrameworksBuildPhase;
			buildActionMask = 2147483647;
			files = (
				95CAF09A18174298009DF006 /* XCTest.framework in Frameworks */,
				95CAF09D18174298009DF006 /* UIKit.framework in Frameworks */,
				95CAF09B18174298009DF006 /* Foundation.framework in Frameworks */,
				95CAF0A018174298009DF006 /* libConifer.a in Frameworks */,
			);
			runOnlyForDeploymentPostprocessing = 0;
		};
/* End PBXFrameworksBuildPhase section */

/* Begin PBXGroup section */
		95CAF07F18174297009DF006 = {
			isa = PBXGroup;
			children = (
				95CAF08D18174298009DF006 /* Conifer */,
				95CAF0A118174298009DF006 /* ConiferTests */,
				95CAF08A18174297009DF006 /* Frameworks */,
				95CAF08918174297009DF006 /* Products */,
			);
			sourceTree = "<group>";
		};
		95CAF08918174297009DF006 /* Products */ = {
			isa = PBXGroup;
			children = (
				95CAF08818174297009DF006 /* libConifer.a */,
				95CAF09818174298009DF006 /* ConiferTests.xctest */,
			);
			name = Products;
			sourceTree = "<group>";
		};
		95CAF08A18174297009DF006 /* Frameworks */ = {
			isa = PBXGroup;
			children = (
				95CAF08B18174298009DF006 /* Foundation.framework */,
				95CAF09918174298009DF006 /* XCTest.framework */,
				95CAF09C18174298009DF006 /* UIKit.framework */,
			);
			name = Frameworks;
			sourceTree = "<group>";
		};
		95CAF08D18174298009DF006 /* Conifer */ = {
			isa = PBXGroup;
			children = (
				95E0244A18236F5200DDD4F6 /* CONStub.h */,
				95E0244B18236F5200DDD4F6 /* CONStub.m */,
				95CAF0B1181746CA009DF006 /* NSObject+Conifer.h */,
				95CAF0B2181746CA009DF006 /* NSObject+Conifer.m */,
				95CAF08E18174298009DF006 /* Supporting Files */,
			);
			path = Conifer;
			sourceTree = "<group>";
		};
		95CAF08E18174298009DF006 /* Supporting Files */ = {
			isa = PBXGroup;
			children = (
				95CAF08F18174298009DF006 /* Conifer-Prefix.pch */,
			);
			name = "Supporting Files";
			sourceTree = "<group>";
		};
		95CAF0A118174298009DF006 /* ConiferTests */ = {
			isa = PBXGroup;
			children = (
				95CAF0A718174298009DF006 /* ConiferTests.m */,
				95CAF0A218174298009DF006 /* Supporting Files */,
			);
			path = ConiferTests;
			sourceTree = "<group>";
		};
		95CAF0A218174298009DF006 /* Supporting Files */ = {
			isa = PBXGroup;
			children = (
				95CAF0A318174298009DF006 /* ConiferTests-Info.plist */,
				95CAF0A418174298009DF006 /* InfoPlist.strings */,
			);
			name = "Supporting Files";
			sourceTree = "<group>";
		};
/* End PBXGroup section */

/* Begin PBXNativeTarget section */
		95CAF08718174297009DF006 /* Conifer */ = {
			isa = PBXNativeTarget;
			buildConfigurationList = 95CAF0AB18174298009DF006 /* Build configuration list for PBXNativeTarget "Conifer" */;
			buildPhases = (
				95CAF08418174297009DF006 /* Sources */,
				95CAF08518174297009DF006 /* Frameworks */,
				95CAF08618174297009DF006 /* CopyFiles */,
			);
			buildRules = (
			);
			dependencies = (
			);
			name = Conifer;
			productName = Conifer;
			productReference = 95CAF08818174297009DF006 /* libConifer.a */;
			productType = "com.apple.product-type.library.static";
		};
		95CAF09718174298009DF006 /* ConiferTests */ = {
			isa = PBXNativeTarget;
			buildConfigurationList = 95CAF0AE18174298009DF006 /* Build configuration list for PBXNativeTarget "ConiferTests" */;
			buildPhases = (
				95CAF09418174298009DF006 /* Sources */,
				95CAF09518174298009DF006 /* Frameworks */,
				95CAF09618174298009DF006 /* Resources */,
			);
			buildRules = (
			);
			dependencies = (
				95CAF09F18174298009DF006 /* PBXTargetDependency */,
			);
			name = ConiferTests;
			productName = ConiferTests;
			productReference = 95CAF09818174298009DF006 /* ConiferTests.xctest */;
			productType = "com.apple.product-type.bundle.unit-test";
		};
/* End PBXNativeTarget section */

/* Begin PBXProject section */
		95CAF08018174297009DF006 /* Project object */ = {
			isa = PBXProject;
			attributes = {
				LastUpgradeCheck = 0500;
				ORGANIZATIONNAME = "Aaron Levine";
			};
			buildConfigurationList = 95CAF08318174297009DF006 /* Build configuration list for PBXProject "Conifer" */;
			compatibilityVersion = "Xcode 3.2";
			developmentRegion = English;
			hasScannedForEncodings = 0;
			knownRegions = (
				en,
			);
			mainGroup = 95CAF07F18174297009DF006;
			productRefGroup = 95CAF08918174297009DF006 /* Products */;
			projectDirPath = "";
			projectRoot = "";
			targets = (
				95CAF08718174297009DF006 /* Conifer */,
				95CAF09718174298009DF006 /* ConiferTests */,
			);
		};
/* End PBXProject section */

/* Begin PBXResourcesBuildPhase section */
		95CAF09618174298009DF006 /* Resources */ = {
			isa = PBXResourcesBuildPhase;
			buildActionMask = 2147483647;
			files = (
				95CAF0A618174298009DF006 /* InfoPlist.strings in Resources */,
			);
			runOnlyForDeploymentPostprocessing = 0;
		};
/* End PBXResourcesBuildPhase section */

/* Begin PBXSourcesBuildPhase section */
		95CAF08418174297009DF006 /* Sources */ = {
			isa = PBXSourcesBuildPhase;
			buildActionMask = 2147483647;
			files = (
				95E0244C18236F5200DDD4F6 /* CONStub.m in Sources */,
				95CAF0B3181746CA009DF006 /* NSObject+Conifer.m in Sources */,
			);
			runOnlyForDeploymentPostprocessing = 0;
		};
		95CAF09418174298009DF006 /* Sources */ = {
			isa = PBXSourcesBuildPhase;
			buildActionMask = 2147483647;
			files = (
				95CAF0A818174298009DF006 /* ConiferTests.m in Sources */,
				95CAF0B4181746CA009DF006 /* NSObject+Conifer.m in Sources */,
				95E0244D18236F5200DDD4F6 /* CONStub.m in Sources */,
			);
			runOnlyForDeploymentPostprocessing = 0;
		};
/* End PBXSourcesBuildPhase section */

/* Begin PBXTargetDependency section */
		95CAF09F18174298009DF006 /* PBXTargetDependency */ = {
			isa = PBXTargetDependency;
			target = 95CAF08718174297009DF006 /* Conifer */;
			targetProxy = 95CAF09E18174298009DF006 /* PBXContainerItemProxy */;
		};
/* End PBXTargetDependency section */

/* Begin PBXVariantGroup section */
		95CAF0A418174298009DF006 /* InfoPlist.strings */ = {
			isa = PBXVariantGroup;
			children = (
				95CAF0A518174298009DF006 /* en */,
			);
			name = InfoPlist.strings;
			sourceTree = "<group>";
		};
/* End PBXVariantGroup section */

/* Begin XCBuildConfiguration section */
		95CAF0A918174298009DF006 /* Debug */ = {
			isa = XCBuildConfiguration;
			buildSettings = {
				ALWAYS_SEARCH_USER_PATHS = NO;
				ARCHS = "$(ARCHS_STANDARD_INCLUDING_64_BIT)";
				CLANG_CXX_LANGUAGE_STANDARD = "gnu++0x";
				CLANG_CXX_LIBRARY = "libc++";
				CLANG_ENABLE_MODULES = YES;
				CLANG_ENABLE_OBJC_ARC = YES;
				CLANG_WARN_BOOL_CONVERSION = YES;
				CLANG_WARN_CONSTANT_CONVERSION = YES;
				CLANG_WARN_DIRECT_OBJC_ISA_USAGE = YES_ERROR;
				CLANG_WARN_EMPTY_BODY = YES;
				CLANG_WARN_ENUM_CONVERSION = YES;
				CLANG_WARN_INT_CONVERSION = YES;
				CLANG_WARN_OBJC_ROOT_CLASS = YES_ERROR;
				CLANG_WARN__DUPLICATE_METHOD_MATCH = YES;
				COPY_PHASE_STRIP = NO;
				GCC_C_LANGUAGE_STANDARD = gnu99;
				GCC_DYNAMIC_NO_PIC = NO;
				GCC_OPTIMIZATION_LEVEL = 0;
				GCC_PREPROCESSOR_DEFINITIONS = (
					"DEBUG=1",
					"$(inherited)",
				);
				GCC_SYMBOLS_PRIVATE_EXTERN = NO;
				GCC_WARN_64_TO_32_BIT_CONVERSION = YES;
				GCC_WARN_ABOUT_RETURN_TYPE = YES_ERROR;
				GCC_WARN_UNDECLARED_SELECTOR = YES;
				GCC_WARN_UNINITIALIZED_AUTOS = YES;
				GCC_WARN_UNUSED_FUNCTION = YES;
				GCC_WARN_UNUSED_VARIABLE = YES;
				IPHONEOS_DEPLOYMENT_TARGET = 7.0;
				ONLY_ACTIVE_ARCH = YES;
				SDKROOT = iphoneos;
			};
			name = Debug;
		};
		95CAF0AA18174298009DF006 /* Release */ = {
			isa = XCBuildConfiguration;
			buildSettings = {
				ALWAYS_SEARCH_USER_PATHS = NO;
				ARCHS = "$(ARCHS_STANDARD_INCLUDING_64_BIT)";
				CLANG_CXX_LANGUAGE_STANDARD = "gnu++0x";
				CLANG_CXX_LIBRARY = "libc++";
				CLANG_ENABLE_MODULES = YES;
				CLANG_ENABLE_OBJC_ARC = YES;
				CLANG_WARN_BOOL_CONVERSION = YES;
				CLANG_WARN_CONSTANT_CONVERSION = YES;
				CLANG_WARN_DIRECT_OBJC_ISA_USAGE = YES_ERROR;
				CLANG_WARN_EMPTY_BODY = YES;
				CLANG_WARN_ENUM_CONVERSION = YES;
				CLANG_WARN_INT_CONVERSION = YES;
				CLANG_WARN_OBJC_ROOT_CLASS = YES_ERROR;
				CLANG_WARN__DUPLICATE_METHOD_MATCH = YES;
				COPY_PHASE_STRIP = YES;
				ENABLE_NS_ASSERTIONS = NO;
				GCC_C_LANGUAGE_STANDARD = gnu99;
				GCC_WARN_64_TO_32_BIT_CONVERSION = YES;
				GCC_WARN_ABOUT_RETURN_TYPE = YES_ERROR;
				GCC_WARN_UNDECLARED_SELECTOR = YES;
				GCC_WARN_UNINITIALIZED_AUTOS = YES;
				GCC_WARN_UNUSED_FUNCTION = YES;
				GCC_WARN_UNUSED_VARIABLE = YES;
				IPHONEOS_DEPLOYMENT_TARGET = 7.0;
				SDKROOT = iphoneos;
				VALIDATE_PRODUCT = YES;
			};
			name = Release;
		};
		95CAF0AC18174298009DF006 /* Debug */ = {
			isa = XCBuildConfiguration;
			buildSettings = {
				DSTROOT = /tmp/Conifer.dst;
				GCC_PRECOMPILE_PREFIX_HEADER = YES;
				GCC_PREFIX_HEADER = "Conifer/Conifer-Prefix.pch";
				OTHER_LDFLAGS = "-ObjC";
				PRODUCT_NAME = Conifer;
				SKIP_INSTALL = YES;
			};
			name = Debug;
		};
		95CAF0AD18174298009DF006 /* Release */ = {
			isa = XCBuildConfiguration;
			buildSettings = {
				DSTROOT = /tmp/Conifer.dst;
				GCC_PRECOMPILE_PREFIX_HEADER = YES;
				GCC_PREFIX_HEADER = "Conifer/Conifer-Prefix.pch";
				OTHER_LDFLAGS = "-ObjC";
				PRODUCT_NAME = Conifer;
				SKIP_INSTALL = YES;
			};
			name = Release;
		};
		95CAF0AF18174298009DF006 /* Debug */ = {
			isa = XCBuildConfiguration;
			buildSettings = {
				ARCHS = "$(ARCHS_STANDARD_INCLUDING_64_BIT)";
				FRAMEWORK_SEARCH_PATHS = (
					"$(SDKROOT)/Developer/Library/Frameworks",
					"$(inherited)",
					"$(DEVELOPER_FRAMEWORKS_DIR)",
				);
				GCC_PRECOMPILE_PREFIX_HEADER = YES;
				GCC_PREFIX_HEADER = "Conifer/Conifer-Prefix.pch";
				GCC_PREPROCESSOR_DEFINITIONS = (
					"DEBUG=1",
					"$(inherited)",
				);
				INFOPLIST_FILE = "ConiferTests/ConiferTests-Info.plist";
				PRODUCT_NAME = ConiferTests;
				WRAPPER_EXTENSION = xctest;
			};
			name = Debug;
		};
		95CAF0B018174298009DF006 /* Release */ = {
			isa = XCBuildConfiguration;
			buildSettings = {
				ARCHS = "$(ARCHS_STANDARD_INCLUDING_64_BIT)";
				FRAMEWORK_SEARCH_PATHS = (
					"$(SDKROOT)/Developer/Library/Frameworks",
					"$(inherited)",
					"$(DEVELOPER_FRAMEWORKS_DIR)",
				);
				GCC_PRECOMPILE_PREFIX_HEADER = YES;
				GCC_PREFIX_HEADER = "Conifer/Conifer-Prefix.pch";
				INFOPLIST_FILE = "ConiferTests/ConiferTests-Info.plist";
				PRODUCT_NAME = ConiferTests;
				WRAPPER_EXTENSION = xctest;
			};
			name = Release;
		};
/* End XCBuildConfiguration section */

/* Begin XCConfigurationList section */
		95CAF08318174297009DF006 /* Build configuration list for PBXProject "Conifer" */ = {
			isa = XCConfigurationList;
			buildConfigurations = (
				95CAF0A918174298009DF006 /* Debug */,
				95CAF0AA18174298009DF006 /* Release */,
			);
			defaultConfigurationIsVisible = 0;
			defaultConfigurationName = Release;
		};
		95CAF0AB18174298009DF006 /* Build configuration list for PBXNativeTarget "Conifer" */ = {
			isa = XCConfigurationList;
			buildConfigurations = (
				95CAF0AC18174298009DF006 /* Debug */,
				95CAF0AD18174298009DF006 /* Release */,
			);
			defaultConfigurationIsVisible = 0;
			defaultConfigurationName = Release;
		};
		95CAF0AE18174298009DF006 /* Build configuration list for PBXNativeTarget "ConiferTests" */ = {
			isa = XCConfigurationList;
			buildConfigurations = (
				95CAF0AF18174298009DF006 /* Debug */,
				95CAF0B018174298009DF006 /* Release */,
			);
			defaultConfigurationIsVisible = 0;
			defaultConfigurationName = Release;
		};
/* End XCConfigurationList section */
	};
	rootObject = 95CAF08018174297009DF006 /* Project object */;
}
